
Microsoft Visual Studio Solution File, Format Version 12.00
# Visual Studio Version 16
VisualStudioVersion = 16.0.31729.503
MinimumVisualStudioVersion = 10.0.40219.1
Project("{FAE04EC0-301F-11D3-BF4B-00C04F79EFBC}") = "Rabbitmq.Publisher", "Rabbitmq.Publisher\Rabbitmq.Publisher.csproj", "{062E7288-7DC9-4DE0-80A6-10897DA27DF5}"
EndProject
Project("{FAE04EC0-301F-11D3-BF4B-00C04F79EFBC}") = "Rabbitmq.Subscriber", "..\Rabbitmq.Subscriber\Rabbitmq.Subscriber.csproj", "{891360BA-BC07-4599-8BD7-7B53C6B80BE6}"
EndProject
Global
	GlobalSection(SolutionConfigurationPlatforms) = preSolution
		Debug|Any CPU = Debug|Any CPU
		Release|Any CPU = Release|Any CPU
	EndGlobalSection
	GlobalSection(ProjectConfigurationPlatforms) = postSolution
		{062E7288-7DC9-4DE0-80A6-10897DA27DF5}.Debug|Any CPU.ActiveCfg = Debug|Any CPU
		{062E7288-7DC9-4DE0-80A6-10897DA27DF5}.Debug|Any CPU.Build.0 = Debug|Any CPU
		{062E7288-7DC9-4DE0-80A6-10897DA27DF5}.Release|Any CPU.ActiveCfg = Release|Any CPU
		{062E7288-7DC9-4DE0-80A6-10897DA27DF5}.Release|Any CPU.Build.0 = Release|Any CPU
		{891360BA-BC07-4599-8BD7-7B53C6B80BE6}.Debug|Any CPU.ActiveCfg = Debug|Any CPU
		{891360BA-BC07-4599-8BD7-7B53C6B80BE6}.Debug|Any CPU.Build.0 = Debug|Any CPU
		{891360BA-BC07-4599-8BD7-7B53C6B80BE6}.Release|Any CPU.ActiveCfg = Release|Any CPU
		{891360BA-BC07-4599-8BD7-7B53C6B80BE6}.Release|Any CPU.Build.0 = Release|Any CPU
	EndGlobalSection
	GlobalSection(SolutionProperties) = preSolution
		HideSolutionNode = FALSE
	EndGlobalSection
	GlobalSection(ExtensibilityGlobals) = postSolution
		SolutionGuid = {5B3E225C-0493-4FF1-9502-D0205C59C931}
	EndGlobalSection
EndGlobal
